
Microsoft Visual Studio Solution File, Format Version 12.00
# Visual Studio 15
VisualStudioVersion = 15.0.26430.14
MinimumVisualStudioVersion = 10.0.40219.1
Project("{E24C65DC-7377-472B-9ABA-BC803B73C61A}") = "Umbracodev.Web", "Umbracodev.Web\", "{95CE3ED6-AF71-402B-95F7-B96C27FB56F9}"
	ProjectSection(WebsiteProperties) = preProject
		TargetFrameworkMoniker = ".NETFramework,Version%3Dv4.5"
		Debug.AspNetCompiler.VirtualPath = "/localhost_3901"
		Debug.AspNetCompiler.PhysicalPath = "Umbracodev.Web\"
		Debug.AspNetCompiler.TargetPath = "PrecompiledWeb\localhost_3901\"
		Debug.AspNetCompiler.Updateable = "true"
		Debug.AspNetCompiler.ForceOverwrite = "true"
		Debug.AspNetCompiler.FixedNames = "false"
		Debug.AspNetCompiler.Debug = "True"
		Release.AspNetCompiler.VirtualPath = "/localhost_3901"
		Release.AspNetCompiler.PhysicalPath = "Umbracodev.Web\"
		Release.AspNetCompiler.TargetPath = "PrecompiledWeb\localhost_3901\"
		Release.AspNetCompiler.Updateable = "true"
		Release.AspNetCompiler.ForceOverwrite = "true"
		Release.AspNetCompiler.FixedNames = "false"
		Release.AspNetCompiler.Debug = "False"
		VWDPort = "3901"
		SlnRelativePath = "Umbracodev.Web\"
		DefaultWebSiteLanguage = "Visual C#"
	EndProjectSection
	ProjectSection(ProjectDependencies) = postProject
		{63EC6BAC-42C7-4D80-99F6-93C39A2EF8DF} = {63EC6BAC-42C7-4D80-99F6-93C39A2EF8DF}
	EndProjectSection
EndProject
Project("{FAE04EC0-301F-11D3-BF4B-00C04F79EFBC}") = "Umbracodev.Core", "Umbracodev.Core\Umbracodev.Core.csproj", "{63EC6BAC-42C7-4D80-99F6-93C39A2EF8DF}"
EndProject
Global
	GlobalSection(SolutionConfigurationPlatforms) = preSolution
		Debug|Any CPU = Debug|Any CPU
		Release|Any CPU = Release|Any CPU
	EndGlobalSection
	GlobalSection(ProjectConfigurationPlatforms) = postSolution
		{95CE3ED6-AF71-402B-95F7-B96C27FB56F9}.Debug|Any CPU.ActiveCfg = Debug|Any CPU
		{95CE3ED6-AF71-402B-95F7-B96C27FB56F9}.Release|Any CPU.ActiveCfg = Debug|Any CPU
		{63EC6BAC-42C7-4D80-99F6-93C39A2EF8DF}.Debug|Any CPU.ActiveCfg = Debug|Any CPU
		{63EC6BAC-42C7-4D80-99F6-93C39A2EF8DF}.Debug|Any CPU.Build.0 = Debug|Any CPU
		{63EC6BAC-42C7-4D80-99F6-93C39A2EF8DF}.Release|Any CPU.ActiveCfg = Release|Any CPU
		{63EC6BAC-42C7-4D80-99F6-93C39A2EF8DF}.Release|Any CPU.Build.0 = Release|Any CPU
	EndGlobalSection
	GlobalSection(SolutionProperties) = preSolution
		HideSolutionNode = FALSE
	EndGlobalSection
EndGlobal
